lockfileVersion: 5.4

specifiers:
  commander: ^10.0.0

dependencies:
  commander: registry.npmmirror.com/commander/10.0.0

packages:

  registry.npmmirror.com/commander/10.0.0:
    resolution: {integrity: sha512-zS5PnTI22FIRM6ylNW8G4Ap0IEOyk62fhLSD0+uHRT9McRCLGpkVNvao4bjimpK/GShynyQkFFxHhwMcETmduA==, registry: https://registry.npm.taobao.org/, tarball: https://registry.npmmirror.com/commander/-/commander-10.0.0.tgz}
    name: commander
    version: 10.0.0
    engines: {node: '>=14'}
    dev: false
